// !$*UTF8*$!
{
	archiveVersion = 1;
	classes = {
	};
	objectVersion = 50;
	objects = {

/* Begin PBXBuildFile section */
		755CEE6925B70A4800C10734 /* AppDelegate.swift in Sources */ = {isa = PBXBuildFile; fileRef = 755CEE6825B70A4800C10734 /* AppDelegate.swift */; };
		755CEE6B25B70A4800C10734 /* SceneDelegate.swift in Sources */ = {isa = PBXBuildFile; fileRef = 755CEE6A25B70A4800C10734 /* SceneDelegate.swift */; };
		755CEE6D25B70A4800C10734 /* ViewController.swift in Sources */ = {isa = PBXBuildFile; fileRef = 755CEE6C25B70A4800C10734 /* ViewController.swift */; };
		755CEE7025B70A4800C10734 /* Main.storyboard in Resources */ = {isa = PBXBuildFile; fileRef = 755CEE6E25B70A4800C10734 /* Main.storyboard */; };
		755CEE7225B70A5300C10734 /* Assets.xcassets in Resources */ = {isa = PBXBuildFile; fileRef = 755CEE7125B70A5300C10734 /* Assets.xcassets */; };
		755CEE7525B70A5300C10734 /* LaunchScreen.storyboard in Resources */ = {isa = PBXBuildFile; fileRef = 755CEE7325B70A5300C10734 /* LaunchScreen.storyboard */; };
		CCE48115062EFDE253A4107E /* Pods_cocoaPods.framework in Frameworks */ = {isa = PBXBuildFile; fileRef = DF1630935EAB2A6A9CF29017 /* Pods_cocoaPods.framework */; };
/* End PBXBuildFile section */

/* Begin PBXFileReference section */
		253408455D4806BD73C6018B /* Pods-cocoaPods.debug.xcconfig */ = {isa = PBXFileReference; includeInIndex = 1; lastKnownFileType = text.xcconfig; name = "Pods-cocoaPods.debug.xcconfig"; path = "Target Support Files/Pods-cocoaPods/Pods-cocoaPods.debug.xcconfig"; sourceTree = "<group>"; };
		755CEE6525B70A4800C10734 /* cocoaPods.app */ = {isa = PBXFileReference; explicitFileType = wrapper.application; includeInIndex = 0; path = cocoaPods.app; sourceTree = BUILT_PRODUCTS_DIR; };
		755CEE6825B70A4800C10734 /* AppDelegate.swift */ = {isa = PBXFileReference; lastKnownFileType = sourcecode.swift; path = AppDelegate.swift; sourceTree = "<group>"; };
		755CEE6A25B70A4800C10734 /* SceneDelegate.swift */ = {isa = PBXFileReference; lastKnownFileType = sourcecode.swift; path = SceneDelegate.swift; sourceTree = "<group>"; };
		755CEE6C25B70A4800C10734 /* ViewController.swift */ = {isa = PBXFileReference; lastKnownFileType = sourcecode.swift; path = ViewController.swift; sourceTree = "<group>"; };
		755CEE6F25B70A4800C10734 /* Base */ = {isa = PBXFileReference; lastKnownFileType = file.storyboard; name = Base; path = Base.lproj/Main.storyboard; sourceTree = "<group>"; };
		755CEE7125B70A5300C10734 /* Assets.xcassets */ = {isa = PBXFileReference; lastKnownFileType = folder.assetcatalog; path = Assets.xcassets; sourceTree = "<group>"; };
		755CEE7425B70A5300C10734 /* Base */ = {isa = PBXFileReference; lastKnownFileType = file.storyboard; name = Base; path = Base.lproj/LaunchScreen.storyboard; sourceTree = "<group>"; };
		755CEE7625B70A5300C10734 /* Info.plist */ = {isa = PBXFileReference; lastKnownFileType = text.plist.xml; path = Info.plist; sourceTree = "<group>"; };
		DF1630935EAB2A6A9CF29017 /* Pods_cocoaPods.framework */ = {isa = PBXFileReference; explicitFileType = wrapper.framework; includeInIndex = 0; path = Pods_cocoaPods.framework; sourceTree = BUILT_PRODUCTS_DIR; };
		EE83D1737050F8157F740DD9 /* Pods-cocoaPods.release.xcconfig */ = {isa = PBXFileReference; includeInIndex = 1; lastKnownFileType = text.xcconfig; name = "Pods-cocoaPods.release.xcconfig"; path = "Target Support Files/Pods-cocoaPods/Pods-cocoaPods.release.xcconfig"; sourceTree = "<group>"; };
/* End PBXFileReference section */

/* Begin PBXFrameworksBuildPhase section */
		755CEE6225B70A4800C10734 /* Frameworks */ = {
			isa = PBXFrameworksBuildPhase;
			buildActionMask = 2147483647;
			files = (
				CCE48115062EFDE253A4107E /* Pods_cocoaPods.framework in Frameworks */,
			);
			runOnlyForDeploymentPostprocessing = 0;
		};
/* End PBXFrameworksBuildPhase section */

/* Begin PBXGroup section */
		755CEE5C25B70A4800C10734 = {
			isa = PBXGroup;
			children = (
				755CEE6725B70A4800C10734 /* cocoaPods */,
				755CEE6625B70A4800C10734 /* Products */,
				F6C1A57BB5F7C23231787F29 /* Pods */,
				A543987043CA0AFE04ED27B9 /* Frameworks */,
			);
			sourceTree = "<group>";
		};
		755CEE6625B70A4800C10734 /* Products */ = {
			isa = PBXGroup;
			children = (
				755CEE6525B70A4800C10734 /* cocoaPods.app */,
			);
			name = Products;
			sourceTree = "<group>";
		};
		755CEE6725B70A4800C10734 /* cocoaPods */ = {
			isa = PBXGroup;
			children = (
				755CEE6825B70A4800C10734 /* AppDelegate.swift */,
				755CEE6A25B70A4800C10734 /* SceneDelegate.swift */,
				755CEE6C25B70A4800C10734 /* ViewController.swift */,
				755CEE6E25B70A4800C10734 /* Main.storyboard */,
				755CEE7125B70A5300C10734 /* Assets.xcassets */,
				755CEE7325B70A5300C10734 /* LaunchScreen.storyboard */,
				755CEE7625B70A5300C10734 /* Info.plist */,
			);
			path = cocoaPods;
			sourceTree = "<group>";
		};
		A543987043CA0AFE04ED27B9 /* Frameworks */ = {
			isa = PBXGroup;
			children = (
				DF1630935EAB2A6A9CF29017 /* Pods_cocoaPods.framework */,
			);
			name = Frameworks;
			sourceTree = "<group>";
		};
		F6C1A57BB5F7C23231787F29 /* Pods */ = {
			isa = PBXGroup;
			children = (
				253408455D4806BD73C6018B /* Pods-cocoaPods.debug.xcconfig */,
				EE83D1737050F8157F740DD9 /* Pods-cocoaPods.release.xcconfig */,
			);
			name = Pods;
			path = Pods;
			sourceTree = "<group>";
		};
/* End PBXGroup section */

/* Begin PBXNativeTarget section */
		755CEE6425B70A4800C10734 /* cocoaPods */ = {
			isa = PBXNativeTarget;
			buildConfigurationList = 755CEE7925B70A5300C10734 /* Build configuration list for PBXNativeTarget "cocoaPods" */;
			buildPhases = (
				8EFC77C90E4A102329F80D8B /* [CP] Check Pods Manifest.lock */,
				755CEE6125B70A4800C10734 /* Sources */,
				755CEE6225B70A4800C10734 /* Frameworks */,
				755CEE6325B70A4800C10734 /* Resources */,
				3A13C71D12BB61282EFB5AA3 /* [CP] Embed Pods Frameworks */,
			);
			buildRules = (
			);
			dependencies = (
			);
			name = cocoaPods;
			productName = cocoaPods;
			productReference = 755CEE6525B70A4800C10734 /* cocoaPods.app */;
			productType = "com.apple.product-type.application";
		};
/* End PBXNativeTarget section */

/* Begin PBXProject section */
		755CEE5D25B70A4800C10734 /* Project object */ = {
			isa = PBXProject;
			attributes = {
				LastSwiftUpdateCheck = 1230;
				LastUpgradeCheck = 1230;
				TargetAttributes = {
					755CEE6425B70A4800C10734 = {
						CreatedOnToolsVersion = 12.3;
					};
				};
			};
			buildConfigurationList = 755CEE6025B70A4800C10734 /* Build configuration list for PBXProject "cocoaPods" */;
			compatibilityVersion = "Xcode 9.3";
			developmentRegion = en;
			hasScannedForEncodings = 0;
			knownRegions = (
				en,
				Base,
			);
			mainGroup = 755CEE5C25B70A4800C10734;
			productRefGroup = 755CEE6625B70A4800C10734 /* Products */;
			projectDirPath = "";
			projectRoot = "";
			targets = (
				755CEE6425B70A4800C10734 /* cocoaPods */,
			);
		};
/* End PBXProject section */

/* Begin PBXResourcesBuildPhase section */
		755CEE6325B70A4800C10734 /* Resources */ = {
			isa = PBXResourcesBuildPhase;
			buildActionMask = 2147483647;
			files = (
				755CEE7525B70A5300C10734 /* LaunchScreen.storyboard in Resources */,
				755CEE7225B70A5300C10734 /* Assets.xcassets in Resources */,
				755CEE7025B70A4800C10734 /* Main.storyboard in Resources */,
			);
			runOnlyForDeploymentPostprocessing = 0;
		};
/* End PBXResourcesBuildPhase section */

/* Begin PBXShellScriptBuildPhase section */
		3A13C71D12BB61282EFB5AA3 /* [CP] Embed Pods Frameworks */ = {
			isa = PBXShellScriptBuildPhase;
			buildActionMask = 2147483647;
			files = (
			);
			inputFileListPaths = (
				"${PODS_ROOT}/Target Support Files/Pods-cocoaPods/Pods-cocoaPods-frameworks-${CONFIGURATION}-input-files.xcfilelist",
			);
			name = "[CP] Embed Pods Frameworks";
			outputFileListPaths = (
				"${PODS_ROOT}/Target Support Files/Pods-cocoaPods/Pods-cocoaPods-frameworks-${CONFIGURATION}-output-files.xcfilelist",
			);
			runOnlyForDeploymentPostprocessing = 0;
			shellPath = /bin/sh;
			shellScript = "\"${PODS_ROOT}/Target Support Files/Pods-cocoaPods/Pods-cocoaPods-frameworks.sh\"\n";
			showEnvVarsInLog = 0;
		};
		8EFC77C90E4A102329F80D8B /* [CP] Check Pods Manifest.lock */ = {
			isa = PBXShellScriptBuildPhase;
			buildActionMask = 2147483647;
			files = (
			);
			inputFileListPaths = (
			);
			inputPaths = (
				"${PODS_PODFILE_DIR_PATH}/Podfile.lock",
				"${PODS_ROOT}/Manifest.lock",
			);
			name = "[CP] Check Pods Manifest.lock";
			outputFileListPaths = (
			);
			outputPaths = (
				"$(DERIVED_FILE_DIR)/Pods-cocoaPods-checkManifestLockResult.txt",
			);
			runOnlyForDeploymentPostprocessing = 0;
			shellPath = /bin/sh;
			shellScript = "diff \"${PODS_PODFILE_DIR_PATH}/Podfile.lock\" \"${PODS_ROOT}/Manifest.lock\" > /dev/null\nif [ $? != 0 ] ; then\n    # print error to STDERR\n    echo \"error: The sandbox is not in sync with the Podfile.lock. Run 'pod install' or update your CocoaPods installation.\" >&2\n    exit 1\nfi\n# This output is used by Xcode 'outputs' to avoid re-running this script phase.\necho \"SUCCESS\" > \"${SCRIPT_OUTPUT_FILE_0}\"\n";
			showEnvVarsInLog = 0;
		};
/* End PBXShellScriptBuildPhase section */

/* Begin PBXSourcesBuildPhase section */
		755CEE6125B70A4800C10734 /* Sources */ = {
			isa = PBXSourcesBuildPhase;
			buildActionMask = 2147483647;
			files = (
				755CEE6D25B70A4800C10734 /* ViewController.swift in Sources */,
				755CEE6925B70A4800C10734 /* AppDelegate.swift in Sources */,
				755CEE6B25B70A4800C10734 /* SceneDelegate.swift in Sources */,
			);
			runOnlyForDeploymentPostprocessing = 0;
		};
/* End PBXSourcesBuildPhase section */

/* Begin PBXVariantGroup section */
		755CEE6E25B70A4800C10734 /* Main.storyboard */ = {
			isa = PBXVariantGroup;
			children = (
				755CEE6F25B70A4800C10734 /* Base */,
			);
			name = Main.storyboard;
			sourceTree = "<group>";
		};
		755CEE7325B70A5300C10734 /* LaunchScreen.storyboard */ = {
			isa = PBXVariantGroup;
			children = (
				755CEE7425B70A5300C10734 /* Base */,
			);
			name = LaunchScreen.storyboard;
			sourceTree = "<group>";
		};
/* End PBXVariantGroup section */

/* Begin XCBuildConfiguration section */
		755CEE7725B70A5300C10734 /* Debug */ = {
			isa = XCBuildConfiguration;
			buildSettings = {
				ALWAYS_SEARCH_USER_PATHS = NO;
				CLANG_ANALYZER_NONNULL = YES;
				CLANG_ANALYZER_NUMBER_OBJECT_CONVERSION = YES_AGGRESSIVE;
				CLANG_CXX_LANGUAGE_STANDARD = "gnu++14";
				CLANG_CXX_LIBRARY = "libc++";
				CLANG_ENABLE_MODULES = YES;
				CLANG_ENABLE_OBJC_ARC = YES;
				CLANG_ENABLE_OBJC_WEAK = YES;
				CLANG_WARN_BLOCK_CAPTURE_AUTORELEASING = YES;
				CLANG_WARN_BOOL_CONVERSION = YES;
				CLANG_WARN_COMMA = YES;
				CLANG_WARN_CONSTANT_CONVERSION = YES;
				CLANG_WARN_DEPRECATED_OBJC_IMPLEMENTATIONS = YES;
				CLANG_WARN_DIRECT_OBJC_ISA_USAGE = YES_ERROR;
				CLANG_WARN_DOCUMENTATION_COMMENTS = YES;
				CLANG_WARN_EMPTY_BODY = YES;
				CLANG_WARN_ENUM_CONVERSION = YES;
				CLANG_WARN_INFINITE_RECURSION = YES;
				CLANG_WARN_INT_CONVERSION = YES;
				CLANG_WARN_NON_LITERAL_NULL_CONVERSION = YES;
				CLANG_WARN_OBJC_IMPLICIT_RETAIN_SELF = YES;
				CLANG_WARN_OBJC_LITERAL_CONVERSION = YES;
				CLANG_WARN_OBJC_ROOT_CLASS = YES_ERROR;
				CLANG_WARN_QUOTED_INCLUDE_IN_FRAMEWORK_HEADER = YES;
				CLANG_WARN_RANGE_LOOP_ANALYSIS = YES;
				CLANG_WARN_STRICT_PROTOTYPES = YES;
				CLANG_WARN_SUSPICIOUS_MOVE = YES;
				CLANG_WARN_UNGUARDED_AVAILABILITY = YES_AGGRESSIVE;
				CLANG_WARN_UNREACHABLE_CODE = YES;
				CLANG_WARN__DUPLICATE_METHOD_MATCH = YES;
				COPY_PHASE_STRIP = NO;
				DEBUG_INFORMATION_FORMAT = dwarf;
				ENABLE_STRICT_OBJC_MSGSEND = YES;
				ENABLE_TESTABILITY = YES;
				GCC_C_LANGUAGE_STANDARD = gnu11;
				GCC_DYNAMIC_NO_PIC = NO;
				GCC_NO_COMMON_BLOCKS = YES;
				GCC_OPTIMIZATION_LEVEL = 0;
				GCC_PREPROCESSOR_DEFINITIONS = (
					"DEBUG=1",
					"$(inherited)",
				);
				GCC_WARN_64_TO_32_BIT_CONVERSION = YES;
				GCC_WARN_ABOUT_RETURN_TYPE = YES_ERROR;
				GCC_WARN_UNDECLARED_SELECTOR = YES;
				GCC_WARN_UNINITIALIZED_AUTOS = YES_AGGRESSIVE;
				GCC_WARN_UNUSED_FUNCTION = YES;
				GCC_WARN_UNUSED_VARIABLE = YES;
				IPHONEOS_DEPLOYMENT_TARGET = 14.3;
				MTL_ENABLE_DEBUG_INFO = INCLUDE_SOURCE;
				MTL_FAST_MATH = YES;
				ONLY_ACTIVE_ARCH = YES;
				SDKROOT = iphoneos;
				SWIFT_ACTIVE_COMPILATION_CONDITIONS = DEBUG;
				SWIFT_OPTIMIZATION_LEVEL = "-Onone";
			};
			name = Debug;
		};
		755CEE7825B70A5300C10734 /* Release */ = {
			isa = XCBuildConfiguration;
			buildSettings = {
				ALWAYS_SEARCH_USER_PATHS = NO;
				CLANG_ANALYZER_NONNULL = YES;
				CLANG_ANALYZER_NUMBER_OBJECT_CONVERSION = YES_AGGRESSIVE;
				CLANG_CXX_LANGUAGE_STANDARD = "gnu++14";
				CLANG_CXX_LIBRARY = "libc++";
				CLANG_ENABLE_MODULES = YES;
				CLANG_ENABLE_OBJC_ARC = YES;
				CLANG_ENABLE_OBJC_WEAK = YES;
				CLANG_WARN_BLOCK_CAPTURE_AUTORELEASING = YES;
				CLANG_WARN_BOOL_CONVERSION = YES;
				CLANG_WARN_COMMA = YES;
				CLANG_WARN_CONSTANT_CONVERSION = YES;
				CLANG_WARN_DEPRECATED_OBJC_IMPLEMENTATIONS = YES;
				CLANG_WARN_DIRECT_OBJC_ISA_USAGE = YES_ERROR;
				CLANG_WARN_DOCUMENTATION_COMMENTS = YES;
				CLANG_WARN_EMPTY_BODY = YES;
				CLANG_WARN_ENUM_CONVERSION = YES;
				CLANG_WARN_INFINITE_RECURSION = YES;
				CLANG_WARN_INT_CONVERSION = YES;
				CLANG_WARN_NON_LITERAL_NULL_CONVERSION = YES;
				CLANG_WARN_OBJC_IMPLICIT_RETAIN_SELF = YES;
				CLANG_WARN_OBJC_LITERAL_CONVERSION = YES;
				CLANG_WARN_OBJC_ROOT_CLASS = YES_ERROR;
				CLANG_WARN_QUOTED_INCLUDE_IN_FRAMEWORK_HEADER = YES;
				CLANG_WARN_RANGE_LOOP_ANALYSIS = YES;
				CLANG_WARN_STRICT_PROTOTYPES = YES;
				CLANG_WARN_SUSPICIOUS_MOVE = YES;
				CLANG_WARN_UNGUARDED_AVAILABILITY = YES_AGGRESSIVE;
				CLANG_WARN_UNREACHABLE_CODE = YES;
				CLANG_WARN__DUPLICATE_METHOD_MATCH = YES;
				COPY_PHASE_STRIP = NO;
				DEBUG_INFORMATION_FORMAT = "dwarf-with-dsym";
				ENABLE_NS_ASSERTIONS = NO;
				ENABLE_STRICT_OBJC_MSGSEND = YES;
				GCC_C_LANGUAGE_STANDARD = gnu11;
				GCC_NO_COMMON_BLOCKS = YES;
				GCC_WARN_64_TO_32_BIT_CONVERSION = YES;
				GCC_WARN_ABOUT_RETURN_TYPE = YES_ERROR;
				GCC_WARN_UNDECLARED_SELECTOR = YES;
				GCC_WARN_UNINITIALIZED_AUTOS = YES_AGGRESSIVE;
				GCC_WARN_UNUSED_FUNCTION = YES;
				GCC_WARN_UNUSED_VARIABLE = YES;
				IPHONEOS_DEPLOYMENT_TARGET = 14.3;
				MTL_ENABLE_DEBUG_INFO = NO;
				MTL_FAST_MATH = YES;
				SDKROOT = iphoneos;
				SWIFT_COMPILATION_MODE = wholemodule;
				SWIFT_OPTIMIZATION_LEVEL = "-O";
				VALIDATE_PRODUCT = YES;
			};
			name = Release;
		};
		755CEE7A25B70A5300C10734 /* Debug */ = {
			isa = XCBuildConfiguration;
			baseConfigurationReference = 253408455D4806BD73C6018B /* Pods-cocoaPods.debug.xcconfig */;
			buildSettings = {
				ASSETCATALOG_COMPILER_APPICON_NAME = AppIcon;
				ASSETCATALOG_COMPILER_GLOBAL_ACCENT_COLOR_NAME = AccentColor;
				CODE_SIGN_STYLE = Automatic;
				DEVELOPMENT_TEAM = N53995CJPD;
				INFOPLIST_FILE = cocoaPods/Info.plist;
				LD_RUNPATH_SEARCH_PATHS = (
					"$(inherited)",
					"@executable_path/Frameworks",
				);
				PRODUCT_BUNDLE_IDENTIFIER = com.tatsuo.cocoaPods;
				PRODUCT_NAME = "$(TARGET_NAME)";
				SWIFT_VERSION = 5.0;
				TARGETED_DEVICE_FAMILY = "1,2";
			};
			name = Debug;
		};
		755CEE7B25B70A5300C10734 /* Release */ = {
			isa = XCBuildConfiguration;
			baseConfigurationReference = EE83D1737050F8157F740DD9 /* Pods-cocoaPods.release.xcconfig */;
			buildSettings = {
				ASSETCATALOG_COMPILER_APPICON_NAME = AppIcon;
				ASSETCATALOG_COMPILER_GLOBAL_ACCENT_COLOR_NAME = AccentColor;
				CODE_SIGN_STYLE = Automatic;
				DEVELOPMENT_TEAM = N53995CJPD;
				INFOPLIST_FILE = cocoaPods/Info.plist;
				LD_RUNPATH_SEARCH_PATHS = (
					"$(inherited)",
					"@executable_path/Frameworks",
				);
				PRODUCT_BUNDLE_IDENTIFIER = com.tatsuo.cocoaPods;
				PRODUCT_NAME = "$(TARGET_NAME)";
				SWIFT_VERSION = 5.0;
				TARGETED_DEVICE_FAMILY = "1,2";
			};
			name = Release;
		};
/* End XCBuildConfiguration section */

/* Begin XCConfigurationList section */
		755CEE6025B70A4800C10734 /* Build configuration list for PBXProject "cocoaPods" */ = {
			isa = XCConfigurationList;
			buildConfigurations = (
				755CEE7725B70A5300C10734 /* Debug */,
				755CEE7825B70A5300C10734 /* Release */,
			);
			defaultConfigurationIsVisible = 0;
			defaultConfigurationName = Release;
		};
		755CEE7925B70A5300C10734 /* Build configuration list for PBXNativeTarget "cocoaPods" */ = {
			isa = XCConfigurationList;
			buildConfigurations = (
				755CEE7A25B70A5300C10734 /* Debug */,
				755CEE7B25B70A5300C10734 /* Release */,
			);
			defaultConfigurationIsVisible = 0;
			defaultConfigurationName = Release;
		};
/* End XCConfigurationList section */
	};
	rootObject = 755CEE5D25B70A4800C10734 /* Project object */;
}
